
Microsoft Visual Studio Solution File, Format Version 12.00
# Visual Studio Version 17
VisualStudioVersion = 17.11.35312.102
MinimumVisualStudioVersion = 10.0.40219.1
Project("{9A19103F-16F7-4668-BE54-9A1E7A4F7556}") = "WebsiteAggregation", "WebsiteAggregation.csproj", "{77399C9A-168E-4925-901B-79BE2FE9DF52}"
EndProject
Global
	GlobalSection(SolutionConfigurationPlatforms) = preSolution
		Debug|Any CPU = Debug|Any CPU
		Release|Any CPU = Release|Any CPU
	EndGlobalSection
	GlobalSection(ProjectConfigurationPlatforms) = postSolution
		{77399C9A-168E-4925-901B-79BE2FE9DF52}.Debug|Any CPU.ActiveCfg = Debug|Any CPU
		{77399C9A-168E-4925-901B-79BE2FE9DF52}.Debug|Any CPU.Build.0 = Debug|Any CPU
		{77399C9A-168E-4925-901B-79BE2FE9DF52}.Release|Any CPU.ActiveCfg = Release|Any CPU
		{77399C9A-168E-4925-901B-79BE2FE9DF52}.Release|Any CPU.Build.0 = Release|Any CPU
	EndGlobalSection
	GlobalSection(SolutionProperties) = preSolution
		HideSolutionNode = FALSE
	EndGlobalSection
	GlobalSection(ExtensibilityGlobals) = postSolution
		SolutionGuid = {6559616A-F441-4B0D-9D32-140200A611D7}
	EndGlobalSection
EndGlobal
